
Microsoft Visual Studio Solution File, Format Version 12.00
# Visual Studio Version 17
VisualStudioVersion = 17.14.36221.1 d17.14
MinimumVisualStudioVersion = 10.0.40219.1
Project("{FAE04EC0-301F-11D3-BF4B-00C04F79EFBC}") = "Doctor-Patient-System", "Doctor-Patient-System\Doctor-Patient-System.csproj", "{423920E3-AD50-434E-B956-0306920542B9}"
EndProject
Global
	GlobalSection(SolutionConfigurationPlatforms) = preSolution
		Debug|Any CPU = Debug|Any CPU
		Release|Any CPU = Release|Any CPU
	EndGlobalSection
	GlobalSection(ProjectConfigurationPlatforms) = postSolution
		{423920E3-AD50-434E-B956-0306920542B9}.Debug|Any CPU.ActiveCfg = Debug|Any CPU
		{423920E3-AD50-434E-B956-0306920542B9}.Debug|Any CPU.Build.0 = Debug|Any CPU
		{423920E3-AD50-434E-B956-0306920542B9}.Release|Any CPU.ActiveCfg = Release|Any CPU
		{423920E3-AD50-434E-B956-0306920542B9}.Release|Any CPU.Build.0 = Release|Any CPU
	EndGlobalSection
	GlobalSection(SolutionProperties) = preSolution
		HideSolutionNode = FALSE
	EndGlobalSection
	GlobalSection(ExtensibilityGlobals) = postSolution
		SolutionGuid = {0597AD77-B1EE-4BD7-8DCA-22451018CE8C}
	EndGlobalSection
EndGlobal
